
Microsoft Visual Studio Solution File, Format Version 12.00
# Visual Studio Version 17
VisualStudioVersion = 17.8.34322.80
MinimumVisualStudioVersion = 10.0.40219.1
Project("{FAE04EC0-301F-11D3-BF4B-00C04F79EFBC}") = "ProductsMicroService.API", "ProductsMicroService.API\ProductsMicroService.API.csproj", "{55DB54ED-D883-4155-AAA7-2C223A74BA30}"
EndProject
Project("{FAE04EC0-301F-11D3-BF4B-00C04F79EFBC}") = "DataAccessLayer", "DataAccessLayer\DataAccessLayer.csproj", "{4AC8EF0A-BB4E-47D7-B348-68D184896808}"
EndProject
Project("{FAE04EC0-301F-11D3-BF4B-00C04F79EFBC}") = "BusinessLogicLayer", "BusinessLogicLayer\BusinessLogicLayer.csproj", "{B67C068D-9559-437F-8F4D-AD1BE8C72E52}"
EndProject
Global
	GlobalSection(SolutionConfigurationPlatforms) = preSolution
		Debug|Any CPU = Debug|Any CPU
		Release|Any CPU = Release|Any CPU
	EndGlobalSection
	GlobalSection(ProjectConfigurationPlatforms) = postSolution
		{55DB54ED-D883-4155-AAA7-2C223A74BA30}.Debug|Any CPU.ActiveCfg = Debug|Any CPU
		{55DB54ED-D883-4155-AAA7-2C223A74BA30}.Debug|Any CPU.Build.0 = Debug|Any CPU
		{55DB54ED-D883-4155-AAA7-2C223A74BA30}.Release|Any CPU.ActiveCfg = Release|Any CPU
		{55DB54ED-D883-4155-AAA7-2C223A74BA30}.Release|Any CPU.Build.0 = Release|Any CPU
		{4AC8EF0A-BB4E-47D7-B348-68D184896808}.Debug|Any CPU.ActiveCfg = Debug|Any CPU
		{4AC8EF0A-BB4E-47D7-B348-68D184896808}.Debug|Any CPU.Build.0 = Debug|Any CPU
		{4AC8EF0A-BB4E-47D7-B348-68D184896808}.Release|Any CPU.ActiveCfg = Release|Any CPU
		{4AC8EF0A-BB4E-47D7-B348-68D184896808}.Release|Any CPU.Build.0 = Release|Any CPU
		{B67C068D-9559-437F-8F4D-AD1BE8C72E52}.Debug|Any CPU.ActiveCfg = Debug|Any CPU
		{B67C068D-9559-437F-8F4D-AD1BE8C72E52}.Debug|Any CPU.Build.0 = Debug|Any CPU
		{B67C068D-9559-437F-8F4D-AD1BE8C72E52}.Release|Any CPU.ActiveCfg = Release|Any CPU
		{B67C068D-9559-437F-8F4D-AD1BE8C72E52}.Release|Any CPU.Build.0 = Release|Any CPU
	EndGlobalSection
	GlobalSection(SolutionProperties) = preSolution
		HideSolutionNode = FALSE
	EndGlobalSection
	GlobalSection(ExtensibilityGlobals) = postSolution
		SolutionGuid = {17FEC6C4-2EE1-45F0-A6D6-5577166E312E}
	EndGlobalSection
EndGlobal
